
Microsoft Visual Studio Solution File, Format Version 12.00
# Visual Studio 15
Project("{FAE04EC0-301F-11D3-BF4B-00C04F79EFBC}") = "CheesyWifi", "CheesyWifi\CheesyWifi.csproj", "{8240B29A-99BC-4947-B574-E43004B7E91B}"
EndProject
Global
	GlobalSection(SolutionConfigurationPlatforms) = preSolution
		Debug|Any CPU = Debug|Any CPU
		Release|Any CPU = Release|Any CPU
	EndGlobalSection
	GlobalSection(ProjectConfigurationPlatforms) = postSolution
		{8240B29A-99BC-4947-B574-E43004B7E91B}.Debug|Any CPU.ActiveCfg = Debug|Any CPU
		{8240B29A-99BC-4947-B574-E43004B7E91B}.Debug|Any CPU.Build.0 = Debug|Any CPU
		{8240B29A-99BC-4947-B574-E43004B7E91B}.Release|Any CPU.ActiveCfg = Release|Any CPU
		{8240B29A-99BC-4947-B574-E43004B7E91B}.Release|Any CPU.Build.0 = Release|Any CPU
	EndGlobalSection
EndGlobal
